
Microsoft Visual Studio Solution File, Format Version 12.00
# Visual Studio Version 17
VisualStudioVersion = 17.9.34728.123
MinimumVisualStudioVersion = 10.0.40219.1
Project("{FAE04EC0-301F-11D3-BF4B-00C04F79EFBC}") = "DataCleanupTool", "DataCleanupTool\DataCleanupTool.csproj", "{745E9FBD-86BB-491E-976C-2EB0EDCB373F}"
EndProject
Global
	GlobalSection(SolutionConfigurationPlatforms) = preSolution
		Debug|Any CPU = Debug|Any CPU
		Release|Any CPU = Release|Any CPU
	EndGlobalSection
	GlobalSection(ProjectConfigurationPlatforms) = postSolution
		{745E9FBD-86BB-491E-976C-2EB0EDCB373F}.Debug|Any CPU.ActiveCfg = Debug|Any CPU
		{745E9FBD-86BB-491E-976C-2EB0EDCB373F}.Debug|Any CPU.Build.0 = Debug|Any CPU
		{745E9FBD-86BB-491E-976C-2EB0EDCB373F}.Release|Any CPU.ActiveCfg = Release|Any CPU
		{745E9FBD-86BB-491E-976C-2EB0EDCB373F}.Release|Any CPU.Build.0 = Release|Any CPU
	EndGlobalSection
	GlobalSection(SolutionProperties) = preSolution
		HideSolutionNode = FALSE
	EndGlobalSection
	GlobalSection(ExtensibilityGlobals) = postSolution
		SolutionGuid = {0A32DA7C-F9A0-4802-B441-424493405416}
	EndGlobalSection
EndGlobal
